
Microsoft Visual Studio Solution File, Format Version 12.00
# Visual Studio Version 16
VisualStudioVersion = 16.0.30128.74
MinimumVisualStudioVersion = 10.0.40219.1
Project("{FAE04EC0-301F-11D3-BF4B-00C04F79EFBC}") = "FPMG", "FPMG\FPMG.csproj", "{026EA03A-922B-4EB6-93DC-60322925BD65}"
EndProject
Global
	GlobalSection(SolutionConfigurationPlatforms) = preSolution
		Debug|Any CPU = Debug|Any CPU
		Release|Any CPU = Release|Any CPU
	EndGlobalSection
	GlobalSection(ProjectConfigurationPlatforms) = postSolution
		{026EA03A-922B-4EB6-93DC-60322925BD65}.Debug|Any CPU.ActiveCfg = Debug|Any CPU
		{026EA03A-922B-4EB6-93DC-60322925BD65}.Debug|Any CPU.Build.0 = Debug|Any CPU
		{026EA03A-922B-4EB6-93DC-60322925BD65}.Release|Any CPU.ActiveCfg = Release|Any CPU
		{026EA03A-922B-4EB6-93DC-60322925BD65}.Release|Any CPU.Build.0 = Release|Any CPU
	EndGlobalSection
	GlobalSection(SolutionProperties) = preSolution
		HideSolutionNode = FALSE
	EndGlobalSection
	GlobalSection(ExtensibilityGlobals) = postSolution
		SolutionGuid = {6C97EC2D-35C3-4B6E-899F-E78A1F5F391B}
	EndGlobalSection
EndGlobal
